
Microsoft Visual Studio Solution File, Format Version 12.00
# Visual Studio Version 16
VisualStudioVersion = 16.0.28803.352
MinimumVisualStudioVersion = 10.0.40219.1
Project("{9A19103F-16F7-4668-BE54-9A1E7A4F7556}") = "eTravelAgency.WebAPI", "eTravelAgency.WebAPI\eTravelAgency.WebAPI.csproj", "{2CEFB4D6-D504-4C8D-920D-9177BE1F356B}"
EndProject
Project("{9A19103F-16F7-4668-BE54-9A1E7A4F7556}") = "eTravelAgency.DataLayer", "eTravelAgency.DataLayer\eTravelAgency.DataLayer.csproj", "{9D82B1CD-49CF-448E-9A5D-56845061F70A}"
EndProject
Project("{9A19103F-16F7-4668-BE54-9A1E7A4F7556}") = "eTravelAgency.Core", "eTravelAgency.Core\eTravelAgency.Core.csproj", "{EECBF21B-180A-4DEC-8785-451511BE084C}"
EndProject
Project("{FAE04EC0-301F-11D3-BF4B-00C04F79EFBC}") = "eTravelAgency.Desktop", "eTravelAgency.Desktop\eTravelAgency.Desktop.csproj", "{00B4336C-09D2-449A-8FA1-7948B73943D9}"
EndProject
Project("{2150E333-8FDC-42A3-9474-1A3956D46DE8}") = "eTravelAgency.Mobile", "eTravelAgency.Mobile", "{3AE854BF-ED38-4A36-A702-8FE4B33BECC6}"
EndProject
Project("{FAE04EC0-301F-11D3-BF4B-00C04F79EFBC}") = "eTravelAgencyMobileApp.UWP", "eTravelAgencyMobileApp\eTravelAgencyMobileApp.UWP\eTravelAgencyMobileApp.UWP.csproj", "{F766F834-508B-4277-A55E-5FA81E63F57D}"
EndProject
Project("{FAE04EC0-301F-11D3-BF4B-00C04F79EFBC}") = "eTravelAgencyMobileApp.Android", "eTravelAgencyMobileApp\eTravelAgencyMobileApp.Android\eTravelAgencyMobileApp.Android.csproj", "{80D0817C-160D-4751-92FA-2BDD357BDE79}"
EndProject
Project("{FAE04EC0-301F-11D3-BF4B-00C04F79EFBC}") = "eTravelAgencyMobileApp.iOS", "eTravelAgencyMobileApp\eTravelAgencyMobileApp.iOS\eTravelAgencyMobileApp.iOS.csproj", "{084E5B5A-00FE-426D-B1E5-6E82D579638A}"
EndProject
Project("{9A19103F-16F7-4668-BE54-9A1E7A4F7556}") = "eTravelAgencyMobileApp", "eTravelAgencyMobileApp\eTravelAgencyMobileApp\eTravelAgencyMobileApp.csproj", "{3744EBF1-FD9A-49BB-8984-63DFE5E318B5}"
EndProject
Global
	GlobalSection(SolutionConfigurationPlatforms) = preSolution
		Debug|Any CPU = Debug|Any CPU
		Debug|ARM = Debug|ARM
		Debug|iPhone = Debug|iPhone
		Debug|iPhoneSimulator = Debug|iPhoneSimulator
		Debug|x64 = Debug|x64
		Debug|x86 = Debug|x86
		Release|Any CPU = Release|Any CPU
		Release|ARM = Release|ARM
		Release|iPhone = Release|iPhone
		Release|iPhoneSimulator = Release|iPhoneSimulator
		Release|x64 = Release|x64
		Release|x86 = Release|x86
	EndGlobalSection
	GlobalSection(ProjectConfigurationPlatforms) = postSolution
		{2CEFB4D6-D504-4C8D-920D-9177BE1F356B}.Debug|Any CPU.ActiveCfg = Debug|Any CPU
		{2CEFB4D6-D504-4C8D-920D-9177BE1F356B}.Debug|Any CPU.Build.0 = Debug|Any CPU
		{2CEFB4D6-D504-4C8D-920D-9177BE1F356B}.Debug|ARM.ActiveCfg = Debug|Any CPU
		{2CEFB4D6-D504-4C8D-920D-9177BE1F356B}.Debug|ARM.Build.0 = Debug|Any CPU
		{2CEFB4D6-D504-4C8D-920D-9177BE1F356B}.Debug|iPhone.ActiveCfg = Debug|Any CPU
		{2CEFB4D6-D504-4C8D-920D-9177BE1F356B}.Debug|iPhone.Build.0 = Debug|Any CPU
		{2CEFB4D6-D504-4C8D-920D-9177BE1F356B}.Debug|iPhoneSimulator.ActiveCfg = Debug|Any CPU
		{2CEFB4D6-D504-4C8D-920D-9177BE1F356B}.Debug|iPhoneSimulator.Build.0 = Debug|Any CPU
		{2CEFB4D6-D504-4C8D-920D-9177BE1F356B}.Debug|x64.ActiveCfg = Debug|Any CPU
		{2CEFB4D6-D504-4C8D-920D-9177BE1F356B}.Debug|x64.Build.0 = Debug|Any CPU
		{2CEFB4D6-D504-4C8D-920D-9177BE1F356B}.Debug|x86.ActiveCfg = Debug|Any CPU
		{2CEFB4D6-D504-4C8D-920D-9177BE1F356B}.Debug|x86.Build.0 = Debug|Any CPU
		{2CEFB4D6-D504-4C8D-920D-9177BE1F356B}.Release|Any CPU.ActiveCfg = Release|Any CPU
		{2CEFB4D6-D504-4C8D-920D-9177BE1F356B}.Release|Any CPU.Build.0 = Release|Any CPU
		{2CEFB4D6-D504-4C8D-920D-9177BE1F356B}.Release|ARM.ActiveCfg = Release|Any CPU
		{2CEFB4D6-D504-4C8D-920D-9177BE1F356B}.Release|ARM.Build.0 = Release|Any CPU
		{2CEFB4D6-D504-4C8D-920D-9177BE1F356B}.Release|iPhone.ActiveCfg = Release|Any CPU
		{2CEFB4D6-D504-4C8D-920D-9177BE1F356B}.Release|iPhone.Build.0 = Release|Any CPU
		{2CEFB4D6-D504-4C8D-920D-9177BE1F356B}.Release|iPhoneSimulator.ActiveCfg = Release|Any CPU
		{2CEFB4D6-D504-4C8D-920D-9177BE1F356B}.Release|iPhoneSimulator.Build.0 = Release|Any CPU
		{2CEFB4D6-D504-4C8D-920D-9177BE1F356B}.Release|x64.ActiveCfg = Release|Any CPU
		{2CEFB4D6-D504-4C8D-920D-9177BE1F356B}.Release|x64.Build.0 = Release|Any CPU
		{2CEFB4D6-D504-4C8D-920D-9177BE1F356B}.Release|x86.ActiveCfg = Release|Any CPU
		{2CEFB4D6-D504-4C8D-920D-9177BE1F356B}.Release|x86.Build.0 = Release|Any CPU
		{9D82B1CD-49CF-448E-9A5D-56845061F70A}.Debug|Any CPU.ActiveCfg = Debug|Any CPU
		{9D82B1CD-49CF-448E-9A5D-56845061F70A}.Debug|Any CPU.Build.0 = Debug|Any CPU
		{9D82B1CD-49CF-448E-9A5D-56845061F70A}.Debug|ARM.ActiveCfg = Debug|Any CPU
		{9D82B1CD-49CF-448E-9A5D-56845061F70A}.Debug|ARM.Build.0 = Debug|Any CPU
		{9D82B1CD-49CF-448E-9A5D-56845061F70A}.Debug|iPhone.ActiveCfg = Debug|Any CPU
		{9D82B1CD-49CF-448E-9A5D-56845061F70A}.Debug|iPhone.Build.0 = Debug|Any CPU
		{9D82B1CD-49CF-448E-9A5D-56845061F70A}.Debug|iPhoneSimulator.ActiveCfg = Debug|Any CPU
		{9D82B1CD-49CF-448E-9A5D-56845061F70A}.Debug|iPhoneSimulator.Build.0 = Debug|Any CPU
		{9D82B1CD-49CF-448E-9A5D-56845061F70A}.Debug|x64.ActiveCfg = Debug|Any CPU
		{9D82B1CD-49CF-448E-9A5D-56845061F70A}.Debug|x64.Build.0 = Debug|Any CPU
		{9D82B1CD-49CF-448E-9A5D-56845061F70A}.Debug|x86.ActiveCfg = Debug|Any CPU
		{9D82B1CD-49CF-448E-9A5D-56845061F70A}.Debug|x86.Build.0 = Debug|Any CPU
		{9D82B1CD-49CF-448E-9A5D-56845061F70A}.Release|Any CPU.ActiveCfg = Release|Any CPU
		{9D82B1CD-49CF-448E-9A5D-56845061F70A}.Release|Any CPU.Build.0 = Release|Any CPU
		{9D82B1CD-49CF-448E-9A5D-56845061F70A}.Release|ARM.ActiveCfg = Release|Any CPU
		{9D82B1CD-49CF-448E-9A5D-56845061F70A}.Release|ARM.Build.0 = Release|Any CPU
		{9D82B1CD-49CF-448E-9A5D-56845061F70A}.Release|iPhone.ActiveCfg = Release|Any CPU
		{9D82B1CD-49CF-448E-9A5D-56845061F70A}.Release|iPhone.Build.0 = Release|Any CPU
		{9D82B1CD-49CF-448E-9A5D-56845061F70A}.Release|iPhoneSimulator.ActiveCfg = Release|Any CPU
		{9D82B1CD-49CF-448E-9A5D-56845061F70A}.Release|iPhoneSimulator.Build.0 = Release|Any CPU
		{9D82B1CD-49CF-448E-9A5D-56845061F70A}.Release|x64.ActiveCfg = Release|Any CPU
		{9D82B1CD-49CF-448E-9A5D-56845061F70A}.Release|x64.Build.0 = Release|Any CPU
		{9D82B1CD-49CF-448E-9A5D-56845061F70A}.Release|x86.ActiveCfg = Release|Any CPU
		{9D82B1CD-49CF-448E-9A5D-56845061F70A}.Release|x86.Build.0 = Release|Any CPU
		{EECBF21B-180A-4DEC-8785-451511BE084C}.Debug|Any CPU.ActiveCfg = Debug|Any CPU
		{EECBF21B-180A-4DEC-8785-451511BE084C}.Debug|Any CPU.Build.0 = Debug|Any CPU
		{EECBF21B-180A-4DEC-8785-451511BE084C}.Debug|ARM.ActiveCfg = Debug|Any CPU
		{EECBF21B-180A-4DEC-8785-451511BE084C}.Debug|ARM.Build.0 = Debug|Any CPU
		{EECBF21B-180A-4DEC-8785-451511BE084C}.Debug|iPhone.ActiveCfg = Debug|Any CPU
		{EECBF21B-180A-4DEC-8785-451511BE084C}.Debug|iPhone.Build.0 = Debug|Any CPU
		{EECBF21B-180A-4DEC-8785-451511BE084C}.Debug|iPhoneSimulator.ActiveCfg = Debug|Any CPU
		{EECBF21B-180A-4DEC-8785-451511BE084C}.Debug|iPhoneSimulator.Build.0 = Debug|Any CPU
		{EECBF21B-180A-4DEC-8785-451511BE084C}.Debug|x64.ActiveCfg = Debug|Any CPU
		{EECBF21B-180A-4DEC-8785-451511BE084C}.Debug|x64.Build.0 = Debug|Any CPU
		{EECBF21B-180A-4DEC-8785-451511BE084C}.Debug|x86.ActiveCfg = Debug|Any CPU
		{EECBF21B-180A-4DEC-8785-451511BE084C}.Debug|x86.Build.0 = Debug|Any CPU
		{EECBF21B-180A-4DEC-8785-451511BE084C}.Release|Any CPU.ActiveCfg = Release|Any CPU
		{EECBF21B-180A-4DEC-8785-451511BE084C}.Release|Any CPU.Build.0 = Release|Any CPU
		{EECBF21B-180A-4DEC-8785-451511BE084C}.Release|ARM.ActiveCfg = Release|Any CPU
		{EECBF21B-180A-4DEC-8785-451511BE084C}.Release|ARM.Build.0 = Release|Any CPU
		{EECBF21B-180A-4DEC-8785-451511BE084C}.Release|iPhone.ActiveCfg = Release|Any CPU
		{EECBF21B-180A-4DEC-8785-451511BE084C}.Release|iPhone.Build.0 = Release|Any CPU
		{EECBF21B-180A-4DEC-8785-451511BE084C}.Release|iPhoneSimulator.ActiveCfg = Release|Any CPU
		{EECBF21B-180A-4DEC-8785-451511BE084C}.Release|iPhoneSimulator.Build.0 = Release|Any CPU
		{EECBF21B-180A-4DEC-8785-451511BE084C}.Release|x64.ActiveCfg = Release|Any CPU
		{EECBF21B-180A-4DEC-8785-451511BE084C}.Release|x64.Build.0 = Release|Any CPU
		{EECBF21B-180A-4DEC-8785-451511BE084C}.Release|x86.ActiveCfg = Release|Any CPU
		{EECBF21B-180A-4DEC-8785-451511BE084C}.Release|x86.Build.0 = Release|Any CPU
		{00B4336C-09D2-449A-8FA1-7948B73943D9}.Debug|Any CPU.ActiveCfg = Debug|Any CPU
		{00B4336C-09D2-449A-8FA1-7948B73943D9}.Debug|Any CPU.Build.0 = Debug|Any CPU
		{00B4336C-09D2-449A-8FA1-7948B73943D9}.Debug|ARM.ActiveCfg = Debug|Any CPU
		{00B4336C-09D2-449A-8FA1-7948B73943D9}.Debug|ARM.Build.0 = Debug|Any CPU
		{00B4336C-09D2-449A-8FA1-7948B73943D9}.Debug|iPhone.ActiveCfg = Debug|Any CPU
		{00B4336C-09D2-449A-8FA1-7948B73943D9}.Debug|iPhone.Build.0 = Debug|Any CPU
		{00B4336C-09D2-449A-8FA1-7948B73943D9}.Debug|iPhoneSimulator.ActiveCfg = Debug|Any CPU
		{00B4336C-09D2-449A-8FA1-7948B73943D9}.Debug|iPhoneSimulator.Build.0 = Debug|Any CPU
		{00B4336C-09D2-449A-8FA1-7948B73943D9}.Debug|x64.ActiveCfg = Debug|Any CPU
		{00B4336C-09D2-449A-8FA1-7948B73943D9}.Debug|x64.Build.0 = Debug|Any CPU
		{00B4336C-09D2-449A-8FA1-7948B73943D9}.Debug|x86.ActiveCfg = Debug|Any CPU
		{00B4336C-09D2-449A-8FA1-7948B73943D9}.Debug|x86.Build.0 = Debug|Any CPU
		{00B4336C-09D2-449A-8FA1-7948B73943D9}.Release|Any CPU.ActiveCfg = Release|Any CPU
		{00B4336C-09D2-449A-8FA1-7948B73943D9}.Release|Any CPU.Build.0 = Release|Any CPU
		{00B4336C-09D2-449A-8FA1-7948B73943D9}.Release|ARM.ActiveCfg = Release|Any CPU
		{00B4336C-09D2-449A-8FA1-7948B73943D9}.Release|ARM.Build.0 = Release|Any CPU
		{00B4336C-09D2-449A-8FA1-7948B73943D9}.Release|iPhone.ActiveCfg = Release|Any CPU
		{00B4336C-09D2-449A-8FA1-7948B73943D9}.Release|iPhone.Build.0 = Release|Any CPU
		{00B4336C-09D2-449A-8FA1-7948B73943D9}.Release|iPhoneSimulator.ActiveCfg = Release|Any CPU
		{00B4336C-09D2-449A-8FA1-7948B73943D9}.Release|iPhoneSimulator.Build.0 = Release|Any CPU
		{00B4336C-09D2-449A-8FA1-7948B73943D9}.Release|x64.ActiveCfg = Release|Any CPU
		{00B4336C-09D2-449A-8FA1-7948B73943D9}.Release|x64.Build.0 = Release|Any CPU
		{00B4336C-09D2-449A-8FA1-7948B73943D9}.Release|x86.ActiveCfg = Release|Any CPU
		{00B4336C-09D2-449A-8FA1-7948B73943D9}.Release|x86.Build.0 = Release|Any CPU
		{F766F834-508B-4277-A55E-5FA81E63F57D}.Debug|Any CPU.ActiveCfg = Debug|x86
		{F766F834-508B-4277-A55E-5FA81E63F57D}.Debug|ARM.ActiveCfg = Debug|ARM
		{F766F834-508B-4277-A55E-5FA81E63F57D}.Debug|ARM.Build.0 = Debug|ARM
		{F766F834-508B-4277-A55E-5FA81E63F57D}.Debug|ARM.Deploy.0 = Debug|ARM
		{F766F834-508B-4277-A55E-5FA81E63F57D}.Debug|iPhone.ActiveCfg = Debug|x86
		{F766F834-508B-4277-A55E-5FA81E63F57D}.Debug|iPhoneSimulator.ActiveCfg = Debug|x86
		{F766F834-508B-4277-A55E-5FA81E63F57D}.Debug|x64.ActiveCfg = Debug|x64
		{F766F834-508B-4277-A55E-5FA81E63F57D}.Debug|x64.Build.0 = Debug|x64
		{F766F834-508B-4277-A55E-5FA81E63F57D}.Debug|x64.Deploy.0 = Debug|x64
		{F766F834-508B-4277-A55E-5FA81E63F57D}.Debug|x86.ActiveCfg = Debug|x86
		{F766F834-508B-4277-A55E-5FA81E63F57D}.Debug|x86.Build.0 = Debug|x86
		{F766F834-508B-4277-A55E-5FA81E63F57D}.Debug|x86.Deploy.0 = Debug|x86
		{F766F834-508B-4277-A55E-5FA81E63F57D}.Release|Any CPU.ActiveCfg = Release|x86
		{F766F834-508B-4277-A55E-5FA81E63F57D}.Release|ARM.ActiveCfg = Release|ARM
		{F766F834-508B-4277-A55E-5FA81E63F57D}.Release|ARM.Build.0 = Release|ARM
		{F766F834-508B-4277-A55E-5FA81E63F57D}.Release|ARM.Deploy.0 = Release|ARM
		{F766F834-508B-4277-A55E-5FA81E63F57D}.Release|iPhone.ActiveCfg = Release|x86
		{F766F834-508B-4277-A55E-5FA81E63F57D}.Release|iPhoneSimulator.ActiveCfg = Release|x86
		{F766F834-508B-4277-A55E-5FA81E63F57D}.Release|x64.ActiveCfg = Release|x64
		{F766F834-508B-4277-A55E-5FA81E63F57D}.Release|x64.Build.0 = Release|x64
		{F766F834-508B-4277-A55E-5FA81E63F57D}.Release|x64.Deploy.0 = Release|x64
		{F766F834-508B-4277-A55E-5FA81E63F57D}.Release|x86.ActiveCfg = Release|x86
		{F766F834-508B-4277-A55E-5FA81E63F57D}.Release|x86.Build.0 = Release|x86
		{F766F834-508B-4277-A55E-5FA81E63F57D}.Release|x86.Deploy.0 = Release|x86
		{80D0817C-160D-4751-92FA-2BDD357BDE79}.Debug|Any CPU.ActiveCfg = Debug|Any CPU
		{80D0817C-160D-4751-92FA-2BDD357BDE79}.Debug|Any CPU.Build.0 = Debug|Any CPU
		{80D0817C-160D-4751-92FA-2BDD357BDE79}.Debug|Any CPU.Deploy.0 = Debug|Any CPU
		{80D0817C-160D-4751-92FA-2BDD357BDE79}.Debug|ARM.ActiveCfg = Debug|Any CPU
		{80D0817C-160D-4751-92FA-2BDD357BDE79}.Debug|ARM.Build.0 = Debug|Any CPU
		{80D0817C-160D-4751-92FA-2BDD357BDE79}.Debug|ARM.Deploy.0 = Debug|Any CPU
		{80D0817C-160D-4751-92FA-2BDD357BDE79}.Debug|iPhone.ActiveCfg = Debug|Any CPU
		{80D0817C-160D-4751-92FA-2BDD357BDE79}.Debug|iPhone.Build.0 = Debug|Any CPU
		{80D0817C-160D-4751-92FA-2BDD357BDE79}.Debug|iPhone.Deploy.0 = Debug|Any CPU
		{80D0817C-160D-4751-92FA-2BDD357BDE79}.Debug|iPhoneSimulator.ActiveCfg = Debug|Any CPU
		{80D0817C-160D-4751-92FA-2BDD357BDE79}.Debug|iPhoneSimulator.Build.0 = Debug|Any CPU
		{80D0817C-160D-4751-92FA-2BDD357BDE79}.Debug|iPhoneSimulator.Deploy.0 = Debug|Any CPU
		{80D0817C-160D-4751-92FA-2BDD357BDE79}.Debug|x64.ActiveCfg = Debug|Any CPU
		{80D0817C-160D-4751-92FA-2BDD357BDE79}.Debug|x64.Build.0 = Debug|Any CPU
		{80D0817C-160D-4751-92FA-2BDD357BDE79}.Debug|x64.Deploy.0 = Debug|Any CPU
		{80D0817C-160D-4751-92FA-2BDD357BDE79}.Debug|x86.ActiveCfg = Debug|Any CPU
		{80D0817C-160D-4751-92FA-2BDD357BDE79}.Debug|x86.Build.0 = Debug|Any CPU
		{80D0817C-160D-4751-92FA-2BDD357BDE79}.Debug|x86.Deploy.0 = Debug|Any CPU
		{80D0817C-160D-4751-92FA-2BDD357BDE79}.Release|Any CPU.ActiveCfg = Release|Any CPU
		{80D0817C-160D-4751-92FA-2BDD357BDE79}.Release|Any CPU.Build.0 = Release|Any CPU
		{80D0817C-160D-4751-92FA-2BDD357BDE79}.Release|Any CPU.Deploy.0 = Release|Any CPU
		{80D0817C-160D-4751-92FA-2BDD357BDE79}.Release|ARM.ActiveCfg = Release|Any CPU
		{80D0817C-160D-4751-92FA-2BDD357BDE79}.Release|ARM.Build.0 = Release|Any CPU
		{80D0817C-160D-4751-92FA-2BDD357BDE79}.Release|ARM.Deploy.0 = Release|Any CPU
		{80D0817C-160D-4751-92FA-2BDD357BDE79}.Release|iPhone.ActiveCfg = Release|Any CPU
		{80D0817C-160D-4751-92FA-2BDD357BDE79}.Release|iPhone.Build.0 = Release|Any CPU
		{80D0817C-160D-4751-92FA-2BDD357BDE79}.Release|iPhone.Deploy.0 = Release|Any CPU
		{80D0817C-160D-4751-92FA-2BDD357BDE79}.Release|iPhoneSimulator.ActiveCfg = Release|Any CPU
		{80D0817C-160D-4751-92FA-2BDD357BDE79}.Release|iPhoneSimulator.Build.0 = Release|Any CPU
		{80D0817C-160D-4751-92FA-2BDD357BDE79}.Release|iPhoneSimulator.Deploy.0 = Release|Any CPU
		{80D0817C-160D-4751-92FA-2BDD357BDE79}.Release|x64.ActiveCfg = Release|Any CPU
		{80D0817C-160D-4751-92FA-2BDD357BDE79}.Release|x64.Build.0 = Release|Any CPU
		{80D0817C-160D-4751-92FA-2BDD357BDE79}.Release|x64.Deploy.0 = Release|Any CPU
		{80D0817C-160D-4751-92FA-2BDD357BDE79}.Release|x86.ActiveCfg = Release|Any CPU
		{80D0817C-160D-4751-92FA-2BDD357BDE79}.Release|x86.Build.0 = Release|Any CPU
		{80D0817C-160D-4751-92FA-2BDD357BDE79}.Release|x86.Deploy.0 = Release|Any CPU
		{084E5B5A-00FE-426D-B1E5-6E82D579638A}.Debug|Any CPU.ActiveCfg = Debug|iPhone
		{084E5B5A-00FE-426D-B1E5-6E82D579638A}.Debug|ARM.ActiveCfg = Debug|iPhone
		{084E5B5A-00FE-426D-B1E5-6E82D579638A}.Debug|iPhone.ActiveCfg = Debug|iPhone
		{084E5B5A-00FE-426D-B1E5-6E82D579638A}.Debug|iPhone.Build.0 = Debug|iPhone
		{084E5B5A-00FE-426D-B1E5-6E82D579638A}.Debug|iPhoneSimulator.ActiveCfg = Debug|iPhoneSimulator
		{084E5B5A-00FE-426D-B1E5-6E82D579638A}.Debug|iPhoneSimulator.Build.0 = Debug|iPhoneSimulator
		{084E5B5A-00FE-426D-B1E5-6E82D579638A}.Debug|x64.ActiveCfg = Debug|iPhone
		{084E5B5A-00FE-426D-B1E5-6E82D579638A}.Debug|x86.ActiveCfg = Debug|iPhone
		{084E5B5A-00FE-426D-B1E5-6E82D579638A}.Release|Any CPU.ActiveCfg = Release|iPhone
		{084E5B5A-00FE-426D-B1E5-6E82D579638A}.Release|ARM.ActiveCfg = Release|iPhone
		{084E5B5A-00FE-426D-B1E5-6E82D579638A}.Release|iPhone.ActiveCfg = Release|iPhone
		{084E5B5A-00FE-426D-B1E5-6E82D579638A}.Release|iPhone.Build.0 = Release|iPhone
		{084E5B5A-00FE-426D-B1E5-6E82D579638A}.Release|iPhoneSimulator.ActiveCfg = Release|iPhoneSimulator
		{084E5B5A-00FE-426D-B1E5-6E82D579638A}.Release|iPhoneSimulator.Build.0 = Release|iPhoneSimulator
		{084E5B5A-00FE-426D-B1E5-6E82D579638A}.Release|x64.ActiveCfg = Release|iPhone
		{084E5B5A-00FE-426D-B1E5-6E82D579638A}.Release|x86.ActiveCfg = Release|iPhone
		{3744EBF1-FD9A-49BB-8984-63DFE5E318B5}.Debug|Any CPU.ActiveCfg = Debug|Any CPU
		{3744EBF1-FD9A-49BB-8984-63DFE5E318B5}.Debug|Any CPU.Build.0 = Debug|Any CPU
		{3744EBF1-FD9A-49BB-8984-63DFE5E318B5}.Debug|ARM.ActiveCfg = Debug|Any CPU
		{3744EBF1-FD9A-49BB-8984-63DFE5E318B5}.Debug|ARM.Build.0 = Debug|Any CPU
		{3744EBF1-FD9A-49BB-8984-63DFE5E318B5}.Debug|iPhone.ActiveCfg = Debug|Any CPU
		{3744EBF1-FD9A-49BB-8984-63DFE5E318B5}.Debug|iPhone.Build.0 = Debug|Any CPU
		{3744EBF1-FD9A-49BB-8984-63DFE5E318B5}.Debug|iPhoneSimulator.ActiveCfg = Debug|Any CPU
		{3744EBF1-FD9A-49BB-8984-63DFE5E318B5}.Debug|iPhoneSimulator.Build.0 = Debug|Any CPU
		{3744EBF1-FD9A-49BB-8984-63DFE5E318B5}.Debug|x64.ActiveCfg = Debug|Any CPU
		{3744EBF1-FD9A-49BB-8984-63DFE5E318B5}.Debug|x64.Build.0 = Debug|Any CPU
		{3744EBF1-FD9A-49BB-8984-63DFE5E318B5}.Debug|x86.ActiveCfg = Debug|Any CPU
		{3744EBF1-FD9A-49BB-8984-63DFE5E318B5}.Debug|x86.Build.0 = Debug|Any CPU
		{3744EBF1-FD9A-49BB-8984-63DFE5E318B5}.Release|Any CPU.ActiveCfg = Release|Any CPU
		{3744EBF1-FD9A-49BB-8984-63DFE5E318B5}.Release|Any CPU.Build.0 = Release|Any CPU
		{3744EBF1-FD9A-49BB-8984-63DFE5E318B5}.Release|ARM.ActiveCfg = Release|Any CPU
		{3744EBF1-FD9A-49BB-8984-63DFE5E318B5}.Release|ARM.Build.0 = Release|Any CPU
		{3744EBF1-FD9A-49BB-8984-63DFE5E318B5}.Release|iPhone.ActiveCfg = Release|Any CPU
		{3744EBF1-FD9A-49BB-8984-63DFE5E318B5}.Release|iPhone.Build.0 = Release|Any CPU
		{3744EBF1-FD9A-49BB-8984-63DFE5E318B5}.Release|iPhoneSimulator.ActiveCfg = Release|Any CPU
		{3744EBF1-FD9A-49BB-8984-63DFE5E318B5}.Release|iPhoneSimulator.Build.0 = Release|Any CPU
		{3744EBF1-FD9A-49BB-8984-63DFE5E318B5}.Release|x64.ActiveCfg = Release|Any CPU
		{3744EBF1-FD9A-49BB-8984-63DFE5E318B5}.Release|x64.Build.0 = Release|Any CPU
		{3744EBF1-FD9A-49BB-8984-63DFE5E318B5}.Release|x86.ActiveCfg = Release|Any CPU
		{3744EBF1-FD9A-49BB-8984-63DFE5E318B5}.Release|x86.Build.0 = Release|Any CPU
	EndGlobalSection
	GlobalSection(SolutionProperties) = preSolution
		HideSolutionNode = FALSE
	EndGlobalSection
	GlobalSection(NestedProjects) = preSolution
		{F766F834-508B-4277-A55E-5FA81E63F57D} = {3AE854BF-ED38-4A36-A702-8FE4B33BECC6}
		{80D0817C-160D-4751-92FA-2BDD357BDE79} = {3AE854BF-ED38-4A36-A702-8FE4B33BECC6}
		{084E5B5A-00FE-426D-B1E5-6E82D579638A} = {3AE854BF-ED38-4A36-A702-8FE4B33BECC6}
		{3744EBF1-FD9A-49BB-8984-63DFE5E318B5} = {3AE854BF-ED38-4A36-A702-8FE4B33BECC6}
	EndGlobalSection
	GlobalSection(ExtensibilityGlobals) = postSolution
		SolutionGuid = {A1917783-69F3-4AF7-B1C2-D48EBE6F80DE}
	EndGlobalSection
EndGlobal
